
Microsoft Visual Studio Solution File, Format Version 12.00
# Visual Studio 15
VisualStudioVersion = 15.0.28307.1525
MinimumVisualStudioVersion = 10.0.40219.1
Project("{FAE04EC0-301F-11D3-BF4B-00C04F79EFBC}") = "MVCStoreFront", "MVCStoreFront\MVCStoreFront.csproj", "{1E6A27F8-3A50-4F66-99CE-A9FF3EFA9393}"
EndProject
Project("{2150E333-8FDC-42A3-9474-1A3956D46DE8}") = "Solution Items", "Solution Items", "{C528D201-912A-435D-B459-7C5400605EED}"
	ProjectSection(SolutionItems) = preProject
		.gitignore = .gitignore
	EndProjectSection
EndProject
Project("{FAE04EC0-301F-11D3-BF4B-00C04F79EFBC}") = "MVCStoreFront.UI", "MVCStoreFront.UI\MVCStoreFront.UI.csproj", "{7C946DEB-0784-4B7B-89E4-E534F63EFF4B}"
EndProject
Global
	GlobalSection(SolutionConfigurationPlatforms) = preSolution
		Debug|Any CPU = Debug|Any CPU
		Release|Any CPU = Release|Any CPU
	EndGlobalSection
	GlobalSection(ProjectConfigurationPlatforms) = postSolution
		{1E6A27F8-3A50-4F66-99CE-A9FF3EFA9393}.Debug|Any CPU.ActiveCfg = Debug|Any CPU
		{1E6A27F8-3A50-4F66-99CE-A9FF3EFA9393}.Debug|Any CPU.Build.0 = Debug|Any CPU
		{1E6A27F8-3A50-4F66-99CE-A9FF3EFA9393}.Release|Any CPU.ActiveCfg = Release|Any CPU
		{1E6A27F8-3A50-4F66-99CE-A9FF3EFA9393}.Release|Any CPU.Build.0 = Release|Any CPU
		{7C946DEB-0784-4B7B-89E4-E534F63EFF4B}.Debug|Any CPU.ActiveCfg = Debug|Any CPU
		{7C946DEB-0784-4B7B-89E4-E534F63EFF4B}.Debug|Any CPU.Build.0 = Debug|Any CPU
		{7C946DEB-0784-4B7B-89E4-E534F63EFF4B}.Release|Any CPU.ActiveCfg = Release|Any CPU
		{7C946DEB-0784-4B7B-89E4-E534F63EFF4B}.Release|Any CPU.Build.0 = Release|Any CPU
	EndGlobalSection
	GlobalSection(SolutionProperties) = preSolution
		HideSolutionNode = FALSE
	EndGlobalSection
	GlobalSection(ExtensibilityGlobals) = postSolution
		SolutionGuid = {E286A6EE-9114-4A1E-8050-BD653FDFE9C0}
	EndGlobalSection
EndGlobal
